
Microsoft Visual Studio Solution File, Format Version 12.00
# Visual Studio Version 17
VisualStudioVersion = 17.2.32526.322
MinimumVisualStudioVersion = 10.0.40219.1
Project("{9A19103F-16F7-4668-BE54-9A1E7A4F7556}") = "WebTurist", "WebTurist\WebTurist.csproj", "{46F52579-3C6E-4693-B09D-56E78F58A8D8}"
EndProject
Project("{9A19103F-16F7-4668-BE54-9A1E7A4F7556}") = "DataBaseLib", "DataBaseLib\DataBaseLib.csproj", "{3A628823-954F-4A1D-ABC4-84839C48D1AB}"
EndProject
Project("{FAE04EC0-301F-11D3-BF4B-00C04F79EFBC}") = "Contract", "Contract\Contract.csproj", "{31841B5F-520D-45E7-9380-F7854BEDFAD2}"
EndProject
Project("{FAE04EC0-301F-11D3-BF4B-00C04F79EFBC}") = "Models", "Models\Models.csproj", "{9A3A64B6-2A5C-4B95-B772-2FAAF9FF51F8}"
EndProject
Project("{FAE04EC0-301F-11D3-BF4B-00C04F79EFBC}") = "ServiceData", "ServiceData\ServiceData.csproj", "{8164677D-5B5D-4EF2-AAC8-C6981C00B1A0}"
EndProject
Project("{FAE04EC0-301F-11D3-BF4B-00C04F79EFBC}") = "DataTest", "DataTest\DataTest.csproj", "{2AF597A8-E73A-4BC2-9FA5-3BA0EE0B5C86}"
EndProject
Global
	GlobalSection(SolutionConfigurationPlatforms) = preSolution
		Debug|Any CPU = Debug|Any CPU
		Release|Any CPU = Release|Any CPU
	EndGlobalSection
	GlobalSection(ProjectConfigurationPlatforms) = postSolution
		{46F52579-3C6E-4693-B09D-56E78F58A8D8}.Debug|Any CPU.ActiveCfg = Debug|Any CPU
		{46F52579-3C6E-4693-B09D-56E78F58A8D8}.Debug|Any CPU.Build.0 = Debug|Any CPU
		{46F52579-3C6E-4693-B09D-56E78F58A8D8}.Release|Any CPU.ActiveCfg = Release|Any CPU
		{46F52579-3C6E-4693-B09D-56E78F58A8D8}.Release|Any CPU.Build.0 = Release|Any CPU
		{3A628823-954F-4A1D-ABC4-84839C48D1AB}.Debug|Any CPU.ActiveCfg = Debug|Any CPU
		{3A628823-954F-4A1D-ABC4-84839C48D1AB}.Debug|Any CPU.Build.0 = Debug|Any CPU
		{3A628823-954F-4A1D-ABC4-84839C48D1AB}.Release|Any CPU.ActiveCfg = Release|Any CPU
		{3A628823-954F-4A1D-ABC4-84839C48D1AB}.Release|Any CPU.Build.0 = Release|Any CPU
		{31841B5F-520D-45E7-9380-F7854BEDFAD2}.Debug|Any CPU.ActiveCfg = Debug|Any CPU
		{31841B5F-520D-45E7-9380-F7854BEDFAD2}.Debug|Any CPU.Build.0 = Debug|Any CPU
		{31841B5F-520D-45E7-9380-F7854BEDFAD2}.Release|Any CPU.ActiveCfg = Release|Any CPU
		{31841B5F-520D-45E7-9380-F7854BEDFAD2}.Release|Any CPU.Build.0 = Release|Any CPU
		{9A3A64B6-2A5C-4B95-B772-2FAAF9FF51F8}.Debug|Any CPU.ActiveCfg = Debug|Any CPU
		{9A3A64B6-2A5C-4B95-B772-2FAAF9FF51F8}.Debug|Any CPU.Build.0 = Debug|Any CPU
		{9A3A64B6-2A5C-4B95-B772-2FAAF9FF51F8}.Release|Any CPU.ActiveCfg = Release|Any CPU
		{9A3A64B6-2A5C-4B95-B772-2FAAF9FF51F8}.Release|Any CPU.Build.0 = Release|Any CPU
		{8164677D-5B5D-4EF2-AAC8-C6981C00B1A0}.Debug|Any CPU.ActiveCfg = Debug|Any CPU
		{8164677D-5B5D-4EF2-AAC8-C6981C00B1A0}.Debug|Any CPU.Build.0 = Debug|Any CPU
		{8164677D-5B5D-4EF2-AAC8-C6981C00B1A0}.Release|Any CPU.ActiveCfg = Release|Any CPU
		{8164677D-5B5D-4EF2-AAC8-C6981C00B1A0}.Release|Any CPU.Build.0 = Release|Any CPU
		{2AF597A8-E73A-4BC2-9FA5-3BA0EE0B5C86}.Debug|Any CPU.ActiveCfg = Debug|Any CPU
		{2AF597A8-E73A-4BC2-9FA5-3BA0EE0B5C86}.Debug|Any CPU.Build.0 = Debug|Any CPU
		{2AF597A8-E73A-4BC2-9FA5-3BA0EE0B5C86}.Release|Any CPU.ActiveCfg = Release|Any CPU
		{2AF597A8-E73A-4BC2-9FA5-3BA0EE0B5C86}.Release|Any CPU.Build.0 = Release|Any CPU
	EndGlobalSection
	GlobalSection(SolutionProperties) = preSolution
		HideSolutionNode = FALSE
	EndGlobalSection
	GlobalSection(ExtensibilityGlobals) = postSolution
		SolutionGuid = {2BDB78BE-F86D-4352-9B4E-DF949EB86DB5}
	EndGlobalSection
EndGlobal
